
Microsoft Visual Studio Solution File, Format Version 12.00
# Blend for Visual Studio Version 16
VisualStudioVersion = 16.0.30204.135
MinimumVisualStudioVersion = 10.0.40219.1
Project("{FAE04EC0-301F-11D3-BF4B-00C04F79EFBC}") = "WpfApp1", "WpfApp1\WpfApp1.csproj", "{78D8AD0A-F257-4ACD-A02D-4C7D8F25F6E4}"
EndProject
Global
	GlobalSection(SolutionConfigurationPlatforms) = preSolution
		Debug|Any CPU = Debug|Any CPU
		Release|Any CPU = Release|Any CPU
	EndGlobalSection
	GlobalSection(ProjectConfigurationPlatforms) = postSolution
		{78D8AD0A-F257-4ACD-A02D-4C7D8F25F6E4}.Debug|Any CPU.ActiveCfg = Debug|Any CPU
		{78D8AD0A-F257-4ACD-A02D-4C7D8F25F6E4}.Debug|Any CPU.Build.0 = Debug|Any CPU
		{78D8AD0A-F257-4ACD-A02D-4C7D8F25F6E4}.Release|Any CPU.ActiveCfg = Release|Any CPU
		{78D8AD0A-F257-4ACD-A02D-4C7D8F25F6E4}.Release|Any CPU.Build.0 = Release|Any CPU
	EndGlobalSection
	GlobalSection(SolutionProperties) = preSolution
		HideSolutionNode = FALSE
	EndGlobalSection
	GlobalSection(ExtensibilityGlobals) = postSolution
		SolutionGuid = {A123CC26-F2D0-41B8-BDAE-626EAD59DA7D}
	EndGlobalSection
EndGlobal
